
Microsoft Visual Studio Solution File, Format Version 12.00
# Visual Studio Version 16
VisualStudioVersion = 16.0.33423.256
MinimumVisualStudioVersion = 10.0.40219.1
Project("{8BC9CEB8-8B4A-11D0-8D11-00A0C91BC942}") = "P7", "P7.vcxproj", "{EED15797-2515-4C0A-B49C-C078CF7B79FA}"
EndProject
Global
	GlobalSection(SolutionConfigurationPlatforms) = preSolution
		Debug|x64 = Debug|x64
		Debug|x86 = Debug|x86
		Release|x64 = Release|x64
		Release|x86 = Release|x86
	EndGlobalSection
	GlobalSection(ProjectConfigurationPlatforms) = postSolution
		{EED15797-2515-4C0A-B49C-C078CF7B79FA}.Debug|x64.ActiveCfg = Debug|x64
		{EED15797-2515-4C0A-B49C-C078CF7B79FA}.Debug|x64.Build.0 = Debug|x64
		{EED15797-2515-4C0A-B49C-C078CF7B79FA}.Debug|x86.ActiveCfg = Debug|Win32
		{EED15797-2515-4C0A-B49C-C078CF7B79FA}.Debug|x86.Build.0 = Debug|Win32
		{EED15797-2515-4C0A-B49C-C078CF7B79FA}.Release|x64.ActiveCfg = Release|x64
		{EED15797-2515-4C0A-B49C-C078CF7B79FA}.Release|x64.Build.0 = Release|x64
		{EED15797-2515-4C0A-B49C-C078CF7B79FA}.Release|x86.ActiveCfg = Release|Win32
		{EED15797-2515-4C0A-B49C-C078CF7B79FA}.Release|x86.Build.0 = Release|Win32
	EndGlobalSection
	GlobalSection(SolutionProperties) = preSolution
		HideSolutionNode = FALSE
	EndGlobalSection
	GlobalSection(ExtensibilityGlobals) = postSolution
		SolutionGuid = {C06F00EF-4DC6-4EE1-95F8-516C55FEA92E}
	EndGlobalSection
EndGlobal
